
Microsoft Visual Studio Solution File, Format Version 12.00
# Visual Studio Version 17
VisualStudioVersion = 17.5.002.0
MinimumVisualStudioVersion = 10.0.40219.1
Project("{9A19103F-16F7-4668-BE54-9A1E7A4F7556}") = "MyBackend", "MyBackend.csproj", "{F3F6E9E0-0AC3-4FD8-9B04-EAF16C434015}"
EndProject
Global
	GlobalSection(SolutionConfigurationPlatforms) = preSolution
		Debug|Any CPU = Debug|Any CPU
		Release|Any CPU = Release|Any CPU
	EndGlobalSection
	GlobalSection(ProjectConfigurationPlatforms) = postSolution
		{F3F6E9E0-0AC3-4FD8-9B04-EAF16C434015}.Debug|Any CPU.ActiveCfg = Debug|Any CPU
		{F3F6E9E0-0AC3-4FD8-9B04-EAF16C434015}.Debug|Any CPU.Build.0 = Debug|Any CPU
		{F3F6E9E0-0AC3-4FD8-9B04-EAF16C434015}.Release|Any CPU.ActiveCfg = Release|Any CPU
		{F3F6E9E0-0AC3-4FD8-9B04-EAF16C434015}.Release|Any CPU.Build.0 = Release|Any CPU
	EndGlobalSection
	GlobalSection(SolutionProperties) = preSolution
		HideSolutionNode = FALSE
	EndGlobalSection
	GlobalSection(ExtensibilityGlobals) = postSolution
		SolutionGuid = {AC624E3D-E986-455E-8514-770474419AC0}
	EndGlobalSection
EndGlobal
